
Microsoft Visual Studio Solution File, Format Version 12.00
# Visual Studio Version 17
VisualStudioVersion = 17.5.33530.505
MinimumVisualStudioVersion = 10.0.40219.1
Project("{FAE04EC0-301F-11D3-BF4B-00C04F79EFBC}") = "Find Project", "Find Project.csproj", "{8460BB4D-8944-4599-A873-B6EBB9EE2A9B}"
EndProject
Global
	GlobalSection(SolutionConfigurationPlatforms) = preSolution
		Debug|Any CPU = Debug|Any CPU
		Release|Any CPU = Release|Any CPU
	EndGlobalSection
	GlobalSection(ProjectConfigurationPlatforms) = postSolution
		{8460BB4D-8944-4599-A873-B6EBB9EE2A9B}.Debug|Any CPU.ActiveCfg = Debug|Any CPU
		{8460BB4D-8944-4599-A873-B6EBB9EE2A9B}.Debug|Any CPU.Build.0 = Debug|Any CPU
		{8460BB4D-8944-4599-A873-B6EBB9EE2A9B}.Release|Any CPU.ActiveCfg = Release|Any CPU
		{8460BB4D-8944-4599-A873-B6EBB9EE2A9B}.Release|Any CPU.Build.0 = Release|Any CPU
	EndGlobalSection
	GlobalSection(SolutionProperties) = preSolution
		HideSolutionNode = FALSE
	EndGlobalSection
	GlobalSection(ExtensibilityGlobals) = postSolution
		SolutionGuid = {2E906816-A138-4AF5-A904-7C3FBBA693F3}
	EndGlobalSection
EndGlobal
